
Microsoft Visual Studio Solution File, Format Version 12.00
# Visual Studio 2012
Project("{FAE04EC0-301F-11D3-BF4B-00C04F79EFBC}") = "warranty_management", "warranty_management\warranty_management.csproj", "{0EB60087-58E6-40B5-8A18-E7AB0B48CADF}"
EndProject
Global
	GlobalSection(SolutionConfigurationPlatforms) = preSolution
		Debug|Any CPU = Debug|Any CPU
		Release|Any CPU = Release|Any CPU
	EndGlobalSection
	GlobalSection(ProjectConfigurationPlatforms) = postSolution
		{0EB60087-58E6-40B5-8A18-E7AB0B48CADF}.Debug|Any CPU.ActiveCfg = Debug|Any CPU
		{0EB60087-58E6-40B5-8A18-E7AB0B48CADF}.Debug|Any CPU.Build.0 = Debug|Any CPU
		{0EB60087-58E6-40B5-8A18-E7AB0B48CADF}.Release|Any CPU.ActiveCfg = Release|Any CPU
		{0EB60087-58E6-40B5-8A18-E7AB0B48CADF}.Release|Any CPU.Build.0 = Release|Any CPU
	EndGlobalSection
	GlobalSection(SolutionProperties) = preSolution
		HideSolutionNode = FALSE
	EndGlobalSection
EndGlobal
